
Microsoft Visual Studio Solution File, Format Version 12.00
# Visual Studio Version 16
VisualStudioVersion = 16.0.29728.190
MinimumVisualStudioVersion = 10.0.40219.1
Project("{FAE04EC0-301F-11D3-BF4B-00C04F79EFBC}") = "Videoclub", "Videoclub\Videoclub.csproj", "{3F9CC57B-D215-4422-AF48-42F2EEF35877}"
EndProject
Global
	GlobalSection(SolutionConfigurationPlatforms) = preSolution
		Debug|Any CPU = Debug|Any CPU
		Release|Any CPU = Release|Any CPU
	EndGlobalSection
	GlobalSection(ProjectConfigurationPlatforms) = postSolution
		{3F9CC57B-D215-4422-AF48-42F2EEF35877}.Debug|Any CPU.ActiveCfg = Debug|Any CPU
		{3F9CC57B-D215-4422-AF48-42F2EEF35877}.Debug|Any CPU.Build.0 = Debug|Any CPU
		{3F9CC57B-D215-4422-AF48-42F2EEF35877}.Release|Any CPU.ActiveCfg = Release|Any CPU
		{3F9CC57B-D215-4422-AF48-42F2EEF35877}.Release|Any CPU.Build.0 = Release|Any CPU
	EndGlobalSection
	GlobalSection(SolutionProperties) = preSolution
		HideSolutionNode = FALSE
	EndGlobalSection
	GlobalSection(ExtensibilityGlobals) = postSolution
		SolutionGuid = {9477D6C5-D57F-4FC5-B71D-F8494A584767}
	EndGlobalSection
EndGlobal
